
Microsoft Visual Studio Solution File, Format Version 12.00
# Visual Studio Version 16
VisualStudioVersion = 16.0.31727.386
MinimumVisualStudioVersion = 10.0.40219.1
Project("{FAE04EC0-301F-11D3-BF4B-00C04F79EFBC}") = "AppS7.Android", "AppS7.Android\AppS7.Android.csproj", "{6F474E6A-0404-4C1A-A5F4-A52F2CB00C38}"
EndProject
Project("{FAE04EC0-301F-11D3-BF4B-00C04F79EFBC}") = "AppS7.iOS", "AppS7.iOS\AppS7.iOS.csproj", "{366F9F49-D079-4A92-BEB7-D3DC72737A04}"
EndProject
Project("{FAE04EC0-301F-11D3-BF4B-00C04F79EFBC}") = "AppS7", "AppS7\AppS7.csproj", "{F6F59EA3-A57A-400A-A1F7-5A0D820309A3}"
EndProject
Global
	GlobalSection(SolutionConfigurationPlatforms) = preSolution
		Debug|Any CPU = Debug|Any CPU
		Debug|iPhone = Debug|iPhone
		Debug|iPhoneSimulator = Debug|iPhoneSimulator
		Release|Any CPU = Release|Any CPU
		Release|iPhone = Release|iPhone
		Release|iPhoneSimulator = Release|iPhoneSimulator
	EndGlobalSection
	GlobalSection(ProjectConfigurationPlatforms) = postSolution
		{6F474E6A-0404-4C1A-A5F4-A52F2CB00C38}.Debug|Any CPU.ActiveCfg = Debug|Any CPU
		{6F474E6A-0404-4C1A-A5F4-A52F2CB00C38}.Debug|Any CPU.Build.0 = Debug|Any CPU
		{6F474E6A-0404-4C1A-A5F4-A52F2CB00C38}.Debug|Any CPU.Deploy.0 = Debug|Any CPU
		{6F474E6A-0404-4C1A-A5F4-A52F2CB00C38}.Debug|iPhone.ActiveCfg = Debug|Any CPU
		{6F474E6A-0404-4C1A-A5F4-A52F2CB00C38}.Debug|iPhone.Build.0 = Debug|Any CPU
		{6F474E6A-0404-4C1A-A5F4-A52F2CB00C38}.Debug|iPhone.Deploy.0 = Debug|Any CPU
		{6F474E6A-0404-4C1A-A5F4-A52F2CB00C38}.Debug|iPhoneSimulator.ActiveCfg = Debug|Any CPU
		{6F474E6A-0404-4C1A-A5F4-A52F2CB00C38}.Debug|iPhoneSimulator.Build.0 = Debug|Any CPU
		{6F474E6A-0404-4C1A-A5F4-A52F2CB00C38}.Debug|iPhoneSimulator.Deploy.0 = Debug|Any CPU
		{6F474E6A-0404-4C1A-A5F4-A52F2CB00C38}.Release|Any CPU.ActiveCfg = Release|Any CPU
		{6F474E6A-0404-4C1A-A5F4-A52F2CB00C38}.Release|Any CPU.Build.0 = Release|Any CPU
		{6F474E6A-0404-4C1A-A5F4-A52F2CB00C38}.Release|Any CPU.Deploy.0 = Release|Any CPU
		{6F474E6A-0404-4C1A-A5F4-A52F2CB00C38}.Release|iPhone.ActiveCfg = Release|Any CPU
		{6F474E6A-0404-4C1A-A5F4-A52F2CB00C38}.Release|iPhone.Build.0 = Release|Any CPU
		{6F474E6A-0404-4C1A-A5F4-A52F2CB00C38}.Release|iPhone.Deploy.0 = Release|Any CPU
		{6F474E6A-0404-4C1A-A5F4-A52F2CB00C38}.Release|iPhoneSimulator.ActiveCfg = Release|Any CPU
		{6F474E6A-0404-4C1A-A5F4-A52F2CB00C38}.Release|iPhoneSimulator.Build.0 = Release|Any CPU
		{6F474E6A-0404-4C1A-A5F4-A52F2CB00C38}.Release|iPhoneSimulator.Deploy.0 = Release|Any CPU
		{366F9F49-D079-4A92-BEB7-D3DC72737A04}.Debug|Any CPU.ActiveCfg = Debug|iPhone
		{366F9F49-D079-4A92-BEB7-D3DC72737A04}.Debug|Any CPU.Build.0 = Debug|iPhone
		{366F9F49-D079-4A92-BEB7-D3DC72737A04}.Debug|Any CPU.Deploy.0 = Debug|iPhone
		{366F9F49-D079-4A92-BEB7-D3DC72737A04}.Debug|iPhone.ActiveCfg = Debug|iPhone
		{366F9F49-D079-4A92-BEB7-D3DC72737A04}.Debug|iPhone.Build.0 = Debug|iPhone
		{366F9F49-D079-4A92-BEB7-D3DC72737A04}.Debug|iPhone.Deploy.0 = Debug|iPhone
		{366F9F49-D079-4A92-BEB7-D3DC72737A04}.Debug|iPhoneSimulator.ActiveCfg = Debug|iPhoneSimulator
		{366F9F49-D079-4A92-BEB7-D3DC72737A04}.Debug|iPhoneSimulator.Build.0 = Debug|iPhoneSimulator
		{366F9F49-D079-4A92-BEB7-D3DC72737A04}.Debug|iPhoneSimulator.Deploy.0 = Debug|iPhoneSimulator
		{366F9F49-D079-4A92-BEB7-D3DC72737A04}.Release|Any CPU.ActiveCfg = Release|iPhoneSimulator
		{366F9F49-D079-4A92-BEB7-D3DC72737A04}.Release|Any CPU.Build.0 = Release|iPhoneSimulator
		{366F9F49-D079-4A92-BEB7-D3DC72737A04}.Release|Any CPU.Deploy.0 = Release|iPhoneSimulator
		{366F9F49-D079-4A92-BEB7-D3DC72737A04}.Release|iPhone.ActiveCfg = Release|iPhone
		{366F9F49-D079-4A92-BEB7-D3DC72737A04}.Release|iPhone.Build.0 = Release|iPhone
		{366F9F49-D079-4A92-BEB7-D3DC72737A04}.Release|iPhone.Deploy.0 = Release|iPhone
		{366F9F49-D079-4A92-BEB7-D3DC72737A04}.Release|iPhoneSimulator.ActiveCfg = Release|iPhoneSimulator
		{366F9F49-D079-4A92-BEB7-D3DC72737A04}.Release|iPhoneSimulator.Build.0 = Release|iPhoneSimulator
		{366F9F49-D079-4A92-BEB7-D3DC72737A04}.Release|iPhoneSimulator.Deploy.0 = Release|iPhoneSimulator
		{F6F59EA3-A57A-400A-A1F7-5A0D820309A3}.Debug|Any CPU.ActiveCfg = Debug|Any CPU
		{F6F59EA3-A57A-400A-A1F7-5A0D820309A3}.Debug|Any CPU.Build.0 = Debug|Any CPU
		{F6F59EA3-A57A-400A-A1F7-5A0D820309A3}.Debug|Any CPU.Deploy.0 = Debug|Any CPU
		{F6F59EA3-A57A-400A-A1F7-5A0D820309A3}.Debug|iPhone.ActiveCfg = Debug|Any CPU
		{F6F59EA3-A57A-400A-A1F7-5A0D820309A3}.Debug|iPhone.Build.0 = Debug|Any CPU
		{F6F59EA3-A57A-400A-A1F7-5A0D820309A3}.Debug|iPhone.Deploy.0 = Debug|Any CPU
		{F6F59EA3-A57A-400A-A1F7-5A0D820309A3}.Debug|iPhoneSimulator.ActiveCfg = Debug|Any CPU
		{F6F59EA3-A57A-400A-A1F7-5A0D820309A3}.Debug|iPhoneSimulator.Build.0 = Debug|Any CPU
		{F6F59EA3-A57A-400A-A1F7-5A0D820309A3}.Debug|iPhoneSimulator.Deploy.0 = Debug|Any CPU
		{F6F59EA3-A57A-400A-A1F7-5A0D820309A3}.Release|Any CPU.ActiveCfg = Release|Any CPU
		{F6F59EA3-A57A-400A-A1F7-5A0D820309A3}.Release|Any CPU.Build.0 = Release|Any CPU
		{F6F59EA3-A57A-400A-A1F7-5A0D820309A3}.Release|Any CPU.Deploy.0 = Release|Any CPU
		{F6F59EA3-A57A-400A-A1F7-5A0D820309A3}.Release|iPhone.ActiveCfg = Release|Any CPU
		{F6F59EA3-A57A-400A-A1F7-5A0D820309A3}.Release|iPhone.Build.0 = Release|Any CPU
		{F6F59EA3-A57A-400A-A1F7-5A0D820309A3}.Release|iPhone.Deploy.0 = Release|Any CPU
		{F6F59EA3-A57A-400A-A1F7-5A0D820309A3}.Release|iPhoneSimulator.ActiveCfg = Release|Any CPU
		{F6F59EA3-A57A-400A-A1F7-5A0D820309A3}.Release|iPhoneSimulator.Build.0 = Release|Any CPU
		{F6F59EA3-A57A-400A-A1F7-5A0D820309A3}.Release|iPhoneSimulator.Deploy.0 = Release|Any CPU
	EndGlobalSection
	GlobalSection(SolutionProperties) = preSolution
		HideSolutionNode = FALSE
	EndGlobalSection
	GlobalSection(ExtensibilityGlobals) = postSolution
		SolutionGuid = {74184881-B14D-4497-B80B-BA7DEA9E22AE}
	EndGlobalSection
EndGlobal
